{
  "assets": {
    "coach-iris_head-effect-idle-return_v2": {
      "version": 2,
      "checksum": "sha256:d4876d4540d75b69f3368ee5b036042678c73984b4db05899d95bc5b5fb6204f",
      "fetched": "2026-09-06",
      "copies": [
        {
          "path": "src/images/emojis/Iris/Iris_idle_return.png",
          "derived_by": "sips -z 960 960"
        }
      ]
    },
    "coach-reed_head-effect-idle-return_v2": {
      "version": 2,
      "checksum": "sha256:681c9073fcf27245571c9a9834f1bca9a56d285b473927dfac189bdd6aa17441",
      "fetched": "2026-09-06",
      "copies": [
        {
          "path": "src/images/emojis/Reed/Reed_idle_return.png",
          "derived_by": "sips -z 960 960"
        }
      ]
    },
    "icon-brand_app-icon-light_v2": {
      "version": 2,
      "checksum": "sha256:a56fbf56c090167a5ee31973804fbc5dca5447a65f069105a569698e3125335f",
      "fetched": "2026-08-04",
      "copies": [
        {
          "path": "public/logo.png",
          "derived_by": "sips -z 180 180"
        }
      ]
    },
    "logo-brand_primary_black_v2": {
      "version": 2,
      "checksum": "sha256:1f542d7d3b195ceb040205b30115370dd5ec909f9c28eeb2e065891261467ce6",
      "fetched": "2026-08-04",
      "copies": [
        {
          "path": "public/faviocn.svg"
        }
      ]
    },
    "skill:delirio-assets": {
      "version": 0,
      "checksum": "sha256:skill:8424302b25a907da3e1a3063602ca96f08ce75e5fe14f7075d5c425cd7f1c37d",
      "fetched": "2026-09-06",
      "copies": [
        {
          "path": ".agents/skills/delirio-assets"
        },
        {
          "path": ".claude/skills/delirio-assets"
        }
      ]
    }
  }
}