{
  "assets": {
    "coach-iris_head-effect-idle-return_v1": {
      "version": 1,
      "checksum": "sha256:c98d1cc8473987161c20c6d6ab189cc24506b32bdef31137aa35164a0ad168dd",
      "fetched": "2026-07-31",
      "copies": [
        {
          "path": "src/images/emojis/Iris/Iris_idle_return.png",
          "derived_by": "sips -z 960 960"
        }
      ]
    },
    "coach-reed_head-effect-idle-return_v1": {
      "version": 1,
      "checksum": "sha256:bdd7db292c4cc716c1ba00cabf7b09d62f866b5ef02f97c52e4a02d7304686c2",
      "fetched": "2026-07-31",
      "copies": [
        {
          "path": "src/images/emojis/Reed/Reed_idle_return.png",
          "derived_by": "sips -z 960 960"
        }
      ]
    },
    "icon-brand_app-icon-light_v2": {
      "version": 2,
      "checksum": "sha256:a56fbf56c090167a5ee31973804fbc5dca5447a65f069105a569698e3125335f",
      "fetched": "2026-08-04",
      "copies": [
        {
          "path": "public/logo.png",
          "derived_by": "sips -z 180 180"
        }
      ]
    },
    "logo-brand_primary_black_v2": {
      "version": 2,
      "checksum": "sha256:1f542d7d3b195ceb040205b30115370dd5ec909f9c28eeb2e065891261467ce6",
      "fetched": "2026-08-04",
      "copies": [
        {
          "path": "public/faviocn.svg"
        }
      ]
    },
    "skill:delirio-assets": {
      "version": 0,
      "checksum": "sha256:skill:4a06cbf0468518e3c7e2d9e65417dd10694cc886cdb1f72d2a361c22e99ef47c",
      "fetched": "2026-08-03",
      "copies": [
        {
          "path": ".agents/skills/delirio-assets"
        },
        {
          "path": ".claude/skills/delirio-assets"
        }
      ]
    }
  }
}